
Microsoft Visual Studio Solution File, Format Version 12.00
# Visual Studio Version 17
VisualStudioVersion = 17.6.33815.320
MinimumVisualStudioVersion = 10.0.40219.1
Project("{FAE04EC0-301F-11D3-BF4B-00C04F79EFBC}") = "hashing_passwords_with_salt", "hashing_passwords_with_salt.csproj", "{88B5EAF4-E8AF-49ED-B9D8-910AB605E07C}"
EndProject
Global
	GlobalSection(SolutionConfigurationPlatforms) = preSolution
		Debug|Any CPU = Debug|Any CPU
		Release|Any CPU = Release|Any CPU
	EndGlobalSection
	GlobalSection(ProjectConfigurationPlatforms) = postSolution
		{88B5EAF4-E8AF-49ED-B9D8-910AB605E07C}.Debug|Any CPU.ActiveCfg = Debug|Any CPU
		{88B5EAF4-E8AF-49ED-B9D8-910AB605E07C}.Debug|Any CPU.Build.0 = Debug|Any CPU
		{88B5EAF4-E8AF-49ED-B9D8-910AB605E07C}.Release|Any CPU.ActiveCfg = Release|Any CPU
		{88B5EAF4-E8AF-49ED-B9D8-910AB605E07C}.Release|Any CPU.Build.0 = Release|Any CPU
	EndGlobalSection
	GlobalSection(SolutionProperties) = preSolution
		HideSolutionNode = FALSE
	EndGlobalSection
	GlobalSection(ExtensibilityGlobals) = postSolution
		SolutionGuid = {23298E98-86B1-4EAE-A12D-BBA4B8178794}
	EndGlobalSection
EndGlobal
